
Microsoft Visual Studio Solution File, Format Version 12.00
# Visual Studio Version 17
VisualStudioVersion = 17.1.32421.90
MinimumVisualStudioVersion = 10.0.40219.1
Project("{9A19103F-16F7-4668-BE54-9A1E7A4F7556}") = "Aula1-ex5", "Aula1-ex5-dolar\Aula1-ex5.csproj", "{E5D67D7B-78E5-422C-9DB9-97C59014E79F}"
EndProject
Global
	GlobalSection(SolutionConfigurationPlatforms) = preSolution
		Debug|Any CPU = Debug|Any CPU
		Release|Any CPU = Release|Any CPU
	EndGlobalSection
	GlobalSection(ProjectConfigurationPlatforms) = postSolution
		{E5D67D7B-78E5-422C-9DB9-97C59014E79F}.Debug|Any CPU.ActiveCfg = Debug|Any CPU
		{E5D67D7B-78E5-422C-9DB9-97C59014E79F}.Debug|Any CPU.Build.0 = Debug|Any CPU
		{E5D67D7B-78E5-422C-9DB9-97C59014E79F}.Release|Any CPU.ActiveCfg = Release|Any CPU
		{E5D67D7B-78E5-422C-9DB9-97C59014E79F}.Release|Any CPU.Build.0 = Release|Any CPU
	EndGlobalSection
	GlobalSection(SolutionProperties) = preSolution
		HideSolutionNode = FALSE
	EndGlobalSection
	GlobalSection(ExtensibilityGlobals) = postSolution
		SolutionGuid = {052F6225-1D76-459E-84D0-059299E1DE93}
	EndGlobalSection
EndGlobal
