
Microsoft Visual Studio Solution File, Format Version 12.00
# Visual Studio Version 17
VisualStudioVersion = 17.1.32421.90
MinimumVisualStudioVersion = 10.0.40219.1
Project("{FAE04EC0-301F-11D3-BF4B-00C04F79EFBC}") = "Aula1-ex2", "Aula1-ex2\Aula1-ex2.csproj", "{FBCC5622-A2AB-4E6B-95B6-0024EDD13B5A}"
EndProject
Global
	GlobalSection(SolutionConfigurationPlatforms) = preSolution
		Debug|Any CPU = Debug|Any CPU
		Release|Any CPU = Release|Any CPU
	EndGlobalSection
	GlobalSection(ProjectConfigurationPlatforms) = postSolution
		{FBCC5622-A2AB-4E6B-95B6-0024EDD13B5A}.Debug|Any CPU.ActiveCfg = Debug|Any CPU
		{FBCC5622-A2AB-4E6B-95B6-0024EDD13B5A}.Debug|Any CPU.Build.0 = Debug|Any CPU
		{FBCC5622-A2AB-4E6B-95B6-0024EDD13B5A}.Release|Any CPU.ActiveCfg = Release|Any CPU
		{FBCC5622-A2AB-4E6B-95B6-0024EDD13B5A}.Release|Any CPU.Build.0 = Release|Any CPU
	EndGlobalSection
	GlobalSection(SolutionProperties) = preSolution
		HideSolutionNode = FALSE
	EndGlobalSection
	GlobalSection(ExtensibilityGlobals) = postSolution
		SolutionGuid = {3CA89B0B-AC54-4EDB-90D5-E1421061B94A}
	EndGlobalSection
EndGlobal
