
Microsoft Visual Studio Solution File, Format Version 12.00
# Visual Studio Version 17
VisualStudioVersion = 17.2.32505.173
MinimumVisualStudioVersion = 10.0.40219.1
Project("{FAE04EC0-301F-11D3-BF4B-00C04F79EFBC}") = "Aula3-ex4-danceteria", "Aula3-ex4-danceteria\Aula3-ex4-danceteria.csproj", "{401E8639-6AAF-48DB-B45A-E18FE988A28A}"
EndProject
Global
	GlobalSection(SolutionConfigurationPlatforms) = preSolution
		Debug|Any CPU = Debug|Any CPU
		Release|Any CPU = Release|Any CPU
	EndGlobalSection
	GlobalSection(ProjectConfigurationPlatforms) = postSolution
		{401E8639-6AAF-48DB-B45A-E18FE988A28A}.Debug|Any CPU.ActiveCfg = Debug|Any CPU
		{401E8639-6AAF-48DB-B45A-E18FE988A28A}.Debug|Any CPU.Build.0 = Debug|Any CPU
		{401E8639-6AAF-48DB-B45A-E18FE988A28A}.Release|Any CPU.ActiveCfg = Release|Any CPU
		{401E8639-6AAF-48DB-B45A-E18FE988A28A}.Release|Any CPU.Build.0 = Release|Any CPU
	EndGlobalSection
	GlobalSection(SolutionProperties) = preSolution
		HideSolutionNode = FALSE
	EndGlobalSection
	GlobalSection(ExtensibilityGlobals) = postSolution
		SolutionGuid = {301FEF57-30C7-46EA-863C-67FDFBCC093E}
	EndGlobalSection
EndGlobal
