
Microsoft Visual Studio Solution File, Format Version 12.00
# Visual Studio Version 17
VisualStudioVersion = 17.2.32505.173
MinimumVisualStudioVersion = 10.0.40219.1
Project("{FAE04EC0-301F-11D3-BF4B-00C04F79EFBC}") = "Aula2-ex4-pesoRelativo", "Aula2-ex4-pesoRelativo\Aula2-ex4-pesoRelativo.csproj", "{0CB8F362-5AA0-49F5-9EAF-9F2DF2886940}"
EndProject
Global
	GlobalSection(SolutionConfigurationPlatforms) = preSolution
		Debug|Any CPU = Debug|Any CPU
		Release|Any CPU = Release|Any CPU
	EndGlobalSection
	GlobalSection(ProjectConfigurationPlatforms) = postSolution
		{0CB8F362-5AA0-49F5-9EAF-9F2DF2886940}.Debug|Any CPU.ActiveCfg = Debug|Any CPU
		{0CB8F362-5AA0-49F5-9EAF-9F2DF2886940}.Debug|Any CPU.Build.0 = Debug|Any CPU
		{0CB8F362-5AA0-49F5-9EAF-9F2DF2886940}.Release|Any CPU.ActiveCfg = Release|Any CPU
		{0CB8F362-5AA0-49F5-9EAF-9F2DF2886940}.Release|Any CPU.Build.0 = Release|Any CPU
	EndGlobalSection
	GlobalSection(SolutionProperties) = preSolution
		HideSolutionNode = FALSE
	EndGlobalSection
	GlobalSection(ExtensibilityGlobals) = postSolution
		SolutionGuid = {0AB2B665-1F8F-439D-B284-B7E161C2948A}
	EndGlobalSection
EndGlobal
