
Microsoft Visual Studio Solution File, Format Version 12.00
# Visual Studio Version 17
VisualStudioVersion = 17.1.32421.90
MinimumVisualStudioVersion = 10.0.40219.1
Project("{9A19103F-16F7-4668-BE54-9A1E7A4F7556}") = "Aula1-ex3", "Turma053\Aula1-ex3.csproj", "{497526BA-5BEF-404A-81CE-7F633A353060}"
EndProject
Global
	GlobalSection(SolutionConfigurationPlatforms) = preSolution
		Debug|Any CPU = Debug|Any CPU
		Release|Any CPU = Release|Any CPU
	EndGlobalSection
	GlobalSection(ProjectConfigurationPlatforms) = postSolution
		{497526BA-5BEF-404A-81CE-7F633A353060}.Debug|Any CPU.ActiveCfg = Debug|Any CPU
		{497526BA-5BEF-404A-81CE-7F633A353060}.Debug|Any CPU.Build.0 = Debug|Any CPU
		{497526BA-5BEF-404A-81CE-7F633A353060}.Release|Any CPU.ActiveCfg = Release|Any CPU
		{497526BA-5BEF-404A-81CE-7F633A353060}.Release|Any CPU.Build.0 = Release|Any CPU
	EndGlobalSection
	GlobalSection(SolutionProperties) = preSolution
		HideSolutionNode = FALSE
	EndGlobalSection
	GlobalSection(ExtensibilityGlobals) = postSolution
		SolutionGuid = {036C0F8B-7732-4853-BB86-3E663367EB54}
	EndGlobalSection
EndGlobal
